
Microsoft Visual Studio Solution File, Format Version 12.00
# Visual Studio 15
VisualStudioVersion = 15.0.28010.2046
MinimumVisualStudioVersion = 10.0.40219.1
Project("{FAE04EC0-301F-11D3-BF4B-00C04F79EFBC}") = "Challenge01", "Challenge01\Challenge01.csproj", "{2D0D2ADA-6B77-4D04-8446-8AB351B00DBE}"
EndProject
Global
	GlobalSection(SolutionConfigurationPlatforms) = preSolution
		Debug|Any CPU = Debug|Any CPU
		Release|Any CPU = Release|Any CPU
	EndGlobalSection
	GlobalSection(ProjectConfigurationPlatforms) = postSolution
		{2D0D2ADA-6B77-4D04-8446-8AB351B00DBE}.Debug|Any CPU.ActiveCfg = Debug|Any CPU
		{2D0D2ADA-6B77-4D04-8446-8AB351B00DBE}.Debug|Any CPU.Build.0 = Debug|Any CPU
		{2D0D2ADA-6B77-4D04-8446-8AB351B00DBE}.Release|Any CPU.ActiveCfg = Release|Any CPU
		{2D0D2ADA-6B77-4D04-8446-8AB351B00DBE}.Release|Any CPU.Build.0 = Release|Any CPU
	EndGlobalSection
	GlobalSection(SolutionProperties) = preSolution
		HideSolutionNode = FALSE
	EndGlobalSection
	GlobalSection(ExtensibilityGlobals) = postSolution
		SolutionGuid = {B686F156-D411-4296-8FA4-EAF7B69018C3}
	EndGlobalSection
EndGlobal
